
Microsoft Visual Studio Solution File, Format Version 12.00
# Visual Studio 15
VisualStudioVersion = 15.0.26124.0
MinimumVisualStudioVersion = 15.0.26124.0
Project("{9A19103F-16F7-4668-BE54-9A1E7A4F7556}") = "R5T.Tromso.ServiceProvider.Construction", "R5T.Tromso.ServiceProvider.Construction\R5T.Tromso.ServiceProvider.Construction.csproj", "{92FBB717-80ED-4ACE-A9BD-4FB550F4CD5C}"
EndProject
Project("{9A19103F-16F7-4668-BE54-9A1E7A4F7556}") = "R5T.Tromso.ServiceProvider", "R5T.Tromso.ServiceProvider\R5T.Tromso.ServiceProvider.csproj", "{8BEAA8F0-CC8A-42A3-B8F3-373E91278B17}"
EndProject
Project("{9A19103F-16F7-4668-BE54-9A1E7A4F7556}") = "R5T.Tromso.ServiceProvider.Testing", "R5T.Tromso.ServiceProvider.Testing\R5T.Tromso.ServiceProvider.Testing.csproj", "{4BA6BB0C-53D6-467E-AB9E-46973BF8427D}"
EndProject
Project("{2150E333-8FDC-42A3-9474-1A3956D46DE8}") = "_Dependencies", "_Dependencies", "{1B99971B-269C-4851-95A0-35342592AD07}"
EndProject
Project("{9A19103F-16F7-4668-BE54-9A1E7A4F7556}") = "R5T.Tromso.Types", "..\..\R5T.Tromso.Types\source\R5T.Tromso.Types\R5T.Tromso.Types.csproj", "{0E634C29-226A-4542-B151-463EEF3B8F9F}"
EndProject
Project("{9A19103F-16F7-4668-BE54-9A1E7A4F7556}") = "R5T.Tromso.Abstractions", "..\..\R5T.Tromso.Abstractions\source\R5T.Tromso.Abstractions\R5T.Tromso.Abstractions.csproj", "{7FB8673E-0A88-46B2-A7A9-4FEDD0364463}"
EndProject
Project("{9A19103F-16F7-4668-BE54-9A1E7A4F7556}") = "R5T.Chamavia", "..\..\R5T.Chamavia\source\R5T.Chamavia\R5T.Chamavia.csproj", "{DA69B61B-5864-4D60-9F85-3DC504A1039A}"
EndProject
Project("{9A19103F-16F7-4668-BE54-9A1E7A4F7556}") = "R5T.Dacia", "..\..\R5T.Dacia\source\R5T.Dacia\R5T.Dacia.csproj", "{E83B8E1F-F877-4A3B-A7DB-FE58DC8430C4}"
EndProject
Project("{9A19103F-16F7-4668-BE54-9A1E7A4F7556}") = "R5T.Sardinia", "..\..\R5T.Sardinia\source\R5T.Sardinia\R5T.Sardinia.csproj", "{9591D79E-5303-485F-9BDC-C779753AE323}"
EndProject
Project("{9A19103F-16F7-4668-BE54-9A1E7A4F7556}") = "R5T.Dacia.Extensions", "..\..\R5T.Dacia.Extensions\source\R5T.Dacia.Extensions\R5T.Dacia.Extensions.csproj", "{01417D31-66FD-4577-A831-F587159953FF}"
EndProject
Project("{9A19103F-16F7-4668-BE54-9A1E7A4F7556}") = "R5T.Opatia", "..\..\R5T.Opatia\source\R5T.Opatia\R5T.Opatia.csproj", "{3B828781-F35B-4750-8262-7223B6BCC47B}"
EndProject
Project("{9A19103F-16F7-4668-BE54-9A1E7A4F7556}") = "R5T.Exeter", "..\..\R5T.Exeter\source\R5T.Exeter\R5T.Exeter.csproj", "{93DBF4F3-70F7-4064-B64C-246AF0FE2B5E}"
EndProject
Project("{9A19103F-16F7-4668-BE54-9A1E7A4F7556}") = "R5T.Langobard", "..\..\R5T.Langobard\source\R5T.Langobard\R5T.Langobard.csproj", "{B2DD5E50-16FD-42C0-8872-3CFD9203AEFE}"
EndProject
Project("{9A19103F-16F7-4668-BE54-9A1E7A4F7556}") = "R5T.Tromso.Startup", "..\..\R5T.Tromso.Startup\source\R5T.Tromso.Startup\R5T.Tromso.Startup.csproj", "{519580B7-7EB9-4EB3-835D-B265EAA09BB3}"
EndProject
Project("{9A19103F-16F7-4668-BE54-9A1E7A4F7556}") = "R5T.Richmond.Abstractions", "..\..\R5T.Richmond.Abstractions\source\R5T.Richmond.Abstractions\R5T.Richmond.Abstractions.csproj", "{55335F7D-4992-469C-9DD7-43FD04CD2A52}"
EndProject
Project("{9A19103F-16F7-4668-BE54-9A1E7A4F7556}") = "R5T.Chamavia.Extensions", "..\..\R5T.Chamavia.Extensions\source\R5T.Chamavia.Extensions\R5T.Chamavia.Extensions.csproj", "{FD2DB50F-F113-4644-9F3C-B2B07B4ECAF3}"
EndProject
Project("{9A19103F-16F7-4668-BE54-9A1E7A4F7556}") = "R5T.Langobard.Extensions", "..\..\R5T.Langobard.Extensions\source\R5T.Langobard.Extensions\R5T.Langobard.Extensions.csproj", "{000F471B-0DDB-4582-9ADF-91EFCCEA71A8}"
EndProject
Global
	GlobalSection(SolutionConfigurationPlatforms) = preSolution
		Debug|Any CPU = Debug|Any CPU
		Debug|x64 = Debug|x64
		Debug|x86 = Debug|x86
		Release|Any CPU = Release|Any CPU
		Release|x64 = Release|x64
		Release|x86 = Release|x86
	EndGlobalSection
	GlobalSection(ProjectConfigurationPlatforms) = postSolution
		{92FBB717-80ED-4ACE-A9BD-4FB550F4CD5C}.Debug|Any CPU.ActiveCfg = Debug|Any CPU
		{92FBB717-80ED-4ACE-A9BD-4FB550F4CD5C}.Debug|Any CPU.Build.0 = Debug|Any CPU
		{92FBB717-80ED-4ACE-A9BD-4FB550F4CD5C}.Debug|x64.ActiveCfg = Debug|Any CPU
		{92FBB717-80ED-4ACE-A9BD-4FB550F4CD5C}.Debug|x64.Build.0 = Debug|Any CPU
		{92FBB717-80ED-4ACE-A9BD-4FB550F4CD5C}.Debug|x86.ActiveCfg = Debug|Any CPU
		{92FBB717-80ED-4ACE-A9BD-4FB550F4CD5C}.Debug|x86.Build.0 = Debug|Any CPU
		{92FBB717-80ED-4ACE-A9BD-4FB550F4CD5C}.Release|Any CPU.ActiveCfg = Release|Any CPU
		{92FBB717-80ED-4ACE-A9BD-4FB550F4CD5C}.Release|Any CPU.Build.0 = Release|Any CPU
		{92FBB717-80ED-4ACE-A9BD-4FB550F4CD5C}.Release|x64.ActiveCfg = Release|Any CPU
		{92FBB717-80ED-4ACE-A9BD-4FB550F4CD5C}.Release|x64.Build.0 = Release|Any CPU
		{92FBB717-80ED-4ACE-A9BD-4FB550F4CD5C}.Release|x86.ActiveCfg = Release|Any CPU
		{92FBB717-80ED-4ACE-A9BD-4FB550F4CD5C}.Release|x86.Build.0 = Release|Any CPU
		{8BEAA8F0-CC8A-42A3-B8F3-373E91278B17}.Debug|Any CPU.ActiveCfg = Debug|Any CPU
		{8BEAA8F0-CC8A-42A3-B8F3-373E91278B17}.Debug|Any CPU.Build.0 = Debug|Any CPU
		{8BEAA8F0-CC8A-42A3-B8F3-373E91278B17}.Debug|x64.ActiveCfg = Debug|Any CPU
		{8BEAA8F0-CC8A-42A3-B8F3-373E91278B17}.Debug|x64.Build.0 = Debug|Any CPU
		{8BEAA8F0-CC8A-42A3-B8F3-373E91278B17}.Debug|x86.ActiveCfg = Debug|Any CPU
		{8BEAA8F0-CC8A-42A3-B8F3-373E91278B17}.Debug|x86.Build.0 = Debug|Any CPU
		{8BEAA8F0-CC8A-42A3-B8F3-373E91278B17}.Release|Any CPU.ActiveCfg = Release|Any CPU
		{8BEAA8F0-CC8A-42A3-B8F3-373E91278B17}.Release|Any CPU.Build.0 = Release|Any CPU
		{8BEAA8F0-CC8A-42A3-B8F3-373E91278B17}.Release|x64.ActiveCfg = Release|Any CPU
		{8BEAA8F0-CC8A-42A3-B8F3-373E91278B17}.Release|x64.Build.0 = Release|Any CPU
		{8BEAA8F0-CC8A-42A3-B8F3-373E91278B17}.Release|x86.ActiveCfg = Release|Any CPU
		{8BEAA8F0-CC8A-42A3-B8F3-373E91278B17}.Release|x86.Build.0 = Release|Any CPU
		{4BA6BB0C-53D6-467E-AB9E-46973BF8427D}.Debug|Any CPU.ActiveCfg = Debug|Any CPU
		{4BA6BB0C-53D6-467E-AB9E-46973BF8427D}.Debug|Any CPU.Build.0 = Debug|Any CPU
		{4BA6BB0C-53D6-467E-AB9E-46973BF8427D}.Debug|x64.ActiveCfg = Debug|Any CPU
		{4BA6BB0C-53D6-467E-AB9E-46973BF8427D}.Debug|x64.Build.0 = Debug|Any CPU
		{4BA6BB0C-53D6-467E-AB9E-46973BF8427D}.Debug|x86.ActiveCfg = Debug|Any CPU
		{4BA6BB0C-53D6-467E-AB9E-46973BF8427D}.Debug|x86.Build.0 = Debug|Any CPU
		{4BA6BB0C-53D6-467E-AB9E-46973BF8427D}.Release|Any CPU.ActiveCfg = Release|Any CPU
		{4BA6BB0C-53D6-467E-AB9E-46973BF8427D}.Release|Any CPU.Build.0 = Release|Any CPU
		{4BA6BB0C-53D6-467E-AB9E-46973BF8427D}.Release|x64.ActiveCfg = Release|Any CPU
		{4BA6BB0C-53D6-467E-AB9E-46973BF8427D}.Release|x64.Build.0 = Release|Any CPU
		{4BA6BB0C-53D6-467E-AB9E-46973BF8427D}.Release|x86.ActiveCfg = Release|Any CPU
		{4BA6BB0C-53D6-467E-AB9E-46973BF8427D}.Release|x86.Build.0 = Release|Any CPU
		{0E634C29-226A-4542-B151-463EEF3B8F9F}.Debug|Any CPU.ActiveCfg = Debug|Any CPU
		{0E634C29-226A-4542-B151-463EEF3B8F9F}.Debug|Any CPU.Build.0 = Debug|Any CPU
		{0E634C29-226A-4542-B151-463EEF3B8F9F}.Debug|x64.ActiveCfg = Debug|Any CPU
		{0E634C29-226A-4542-B151-463EEF3B8F9F}.Debug|x64.Build.0 = Debug|Any CPU
		{0E634C29-226A-4542-B151-463EEF3B8F9F}.Debug|x86.ActiveCfg = Debug|Any CPU
		{0E634C29-226A-4542-B151-463EEF3B8F9F}.Debug|x86.Build.0 = Debug|Any CPU
		{0E634C29-226A-4542-B151-463EEF3B8F9F}.Release|Any CPU.ActiveCfg = Release|Any CPU
		{0E634C29-226A-4542-B151-463EEF3B8F9F}.Release|Any CPU.Build.0 = Release|Any CPU
		{0E634C29-226A-4542-B151-463EEF3B8F9F}.Release|x64.ActiveCfg = Release|Any CPU
		{0E634C29-226A-4542-B151-463EEF3B8F9F}.Release|x64.Build.0 = Release|Any CPU
		{0E634C29-226A-4542-B151-463EEF3B8F9F}.Release|x86.ActiveCfg = Release|Any CPU
		{0E634C29-226A-4542-B151-463EEF3B8F9F}.Release|x86.Build.0 = Release|Any CPU
		{7FB8673E-0A88-46B2-A7A9-4FEDD0364463}.Debug|Any CPU.ActiveCfg = Debug|Any CPU
		{7FB8673E-0A88-46B2-A7A9-4FEDD0364463}.Debug|Any CPU.Build.0 = Debug|Any CPU
		{7FB8673E-0A88-46B2-A7A9-4FEDD0364463}.Debug|x64.ActiveCfg = Debug|Any CPU
		{7FB8673E-0A88-46B2-A7A9-4FEDD0364463}.Debug|x64.Build.0 = Debug|Any CPU
		{7FB8673E-0A88-46B2-A7A9-4FEDD0364463}.Debug|x86.ActiveCfg = Debug|Any CPU
		{7FB8673E-0A88-46B2-A7A9-4FEDD0364463}.Debug|x86.Build.0 = Debug|Any CPU
		{7FB8673E-0A88-46B2-A7A9-4FEDD0364463}.Release|Any CPU.ActiveCfg = Release|Any CPU
		{7FB8673E-0A88-46B2-A7A9-4FEDD0364463}.Release|Any CPU.Build.0 = Release|Any CPU
		{7FB8673E-0A88-46B2-A7A9-4FEDD0364463}.Release|x64.ActiveCfg = Release|Any CPU
		{7FB8673E-0A88-46B2-A7A9-4FEDD0364463}.Release|x64.Build.0 = Release|Any CPU
		{7FB8673E-0A88-46B2-A7A9-4FEDD0364463}.Release|x86.ActiveCfg = Release|Any CPU
		{7FB8673E-0A88-46B2-A7A9-4FEDD0364463}.Release|x86.Build.0 = Release|Any CPU
		{DA69B61B-5864-4D60-9F85-3DC504A1039A}.Debug|Any CPU.ActiveCfg = Debug|Any CPU
		{DA69B61B-5864-4D60-9F85-3DC504A1039A}.Debug|Any CPU.Build.0 = Debug|Any CPU
		{DA69B61B-5864-4D60-9F85-3DC504A1039A}.Debug|x64.ActiveCfg = Debug|Any CPU
		{DA69B61B-5864-4D60-9F85-3DC504A1039A}.Debug|x64.Build.0 = Debug|Any CPU
		{DA69B61B-5864-4D60-9F85-3DC504A1039A}.Debug|x86.ActiveCfg = Debug|Any CPU
		{DA69B61B-5864-4D60-9F85-3DC504A1039A}.Debug|x86.Build.0 = Debug|Any CPU
		{DA69B61B-5864-4D60-9F85-3DC504A1039A}.Release|Any CPU.ActiveCfg = Release|Any CPU
		{DA69B61B-5864-4D60-9F85-3DC504A1039A}.Release|Any CPU.Build.0 = Release|Any CPU
		{DA69B61B-5864-4D60-9F85-3DC504A1039A}.Release|x64.ActiveCfg = Release|Any CPU
		{DA69B61B-5864-4D60-9F85-3DC504A1039A}.Release|x64.Build.0 = Release|Any CPU
		{DA69B61B-5864-4D60-9F85-3DC504A1039A}.Release|x86.ActiveCfg = Release|Any CPU
		{DA69B61B-5864-4D60-9F85-3DC504A1039A}.Release|x86.Build.0 = Release|Any CPU
		{E83B8E1F-F877-4A3B-A7DB-FE58DC8430C4}.Debug|Any CPU.ActiveCfg = Debug|Any CPU
		{E83B8E1F-F877-4A3B-A7DB-FE58DC8430C4}.Debug|Any CPU.Build.0 = Debug|Any CPU
		{E83B8E1F-F877-4A3B-A7DB-FE58DC8430C4}.Debug|x64.ActiveCfg = Debug|Any CPU
		{E83B8E1F-F877-4A3B-A7DB-FE58DC8430C4}.Debug|x64.Build.0 = Debug|Any CPU
		{E83B8E1F-F877-4A3B-A7DB-FE58DC8430C4}.Debug|x86.ActiveCfg = Debug|Any CPU
		{E83B8E1F-F877-4A3B-A7DB-FE58DC8430C4}.Debug|x86.Build.0 = Debug|Any CPU
		{E83B8E1F-F877-4A3B-A7DB-FE58DC8430C4}.Release|Any CPU.ActiveCfg = Release|Any CPU
		{E83B8E1F-F877-4A3B-A7DB-FE58DC8430C4}.Release|Any CPU.Build.0 = Release|Any CPU
		{E83B8E1F-F877-4A3B-A7DB-FE58DC8430C4}.Release|x64.ActiveCfg = Release|Any CPU
		{E83B8E1F-F877-4A3B-A7DB-FE58DC8430C4}.Release|x64.Build.0 = Release|Any CPU
		{E83B8E1F-F877-4A3B-A7DB-FE58DC8430C4}.Release|x86.ActiveCfg = Release|Any CPU
		{E83B8E1F-F877-4A3B-A7DB-FE58DC8430C4}.Release|x86.Build.0 = Release|Any CPU
		{9591D79E-5303-485F-9BDC-C779753AE323}.Debug|Any CPU.ActiveCfg = Debug|Any CPU
		{9591D79E-5303-485F-9BDC-C779753AE323}.Debug|Any CPU.Build.0 = Debug|Any CPU
		{9591D79E-5303-485F-9BDC-C779753AE323}.Debug|x64.ActiveCfg = Debug|Any CPU
		{9591D79E-5303-485F-9BDC-C779753AE323}.Debug|x64.Build.0 = Debug|Any CPU
		{9591D79E-5303-485F-9BDC-C779753AE323}.Debug|x86.ActiveCfg = Debug|Any CPU
		{9591D79E-5303-485F-9BDC-C779753AE323}.Debug|x86.Build.0 = Debug|Any CPU
		{9591D79E-5303-485F-9BDC-C779753AE323}.Release|Any CPU.ActiveCfg = Release|Any CPU
		{9591D79E-5303-485F-9BDC-C779753AE323}.Release|Any CPU.Build.0 = Release|Any CPU
		{9591D79E-5303-485F-9BDC-C779753AE323}.Release|x64.ActiveCfg = Release|Any CPU
		{9591D79E-5303-485F-9BDC-C779753AE323}.Release|x64.Build.0 = Release|Any CPU
		{9591D79E-5303-485F-9BDC-C779753AE323}.Release|x86.ActiveCfg = Release|Any CPU
		{9591D79E-5303-485F-9BDC-C779753AE323}.Release|x86.Build.0 = Release|Any CPU
		{01417D31-66FD-4577-A831-F587159953FF}.Debug|Any CPU.ActiveCfg = Debug|Any CPU
		{01417D31-66FD-4577-A831-F587159953FF}.Debug|Any CPU.Build.0 = Debug|Any CPU
		{01417D31-66FD-4577-A831-F587159953FF}.Debug|x64.ActiveCfg = Debug|Any CPU
		{01417D31-66FD-4577-A831-F587159953FF}.Debug|x64.Build.0 = Debug|Any CPU
		{01417D31-66FD-4577-A831-F587159953FF}.Debug|x86.ActiveCfg = Debug|Any CPU
		{01417D31-66FD-4577-A831-F587159953FF}.Debug|x86.Build.0 = Debug|Any CPU
		{01417D31-66FD-4577-A831-F587159953FF}.Release|Any CPU.ActiveCfg = Release|Any CPU
		{01417D31-66FD-4577-A831-F587159953FF}.Release|Any CPU.Build.0 = Release|Any CPU
		{01417D31-66FD-4577-A831-F587159953FF}.Release|x64.ActiveCfg = Release|Any CPU
		{01417D31-66FD-4577-A831-F587159953FF}.Release|x64.Build.0 = Release|Any CPU
		{01417D31-66FD-4577-A831-F587159953FF}.Release|x86.ActiveCfg = Release|Any CPU
		{01417D31-66FD-4577-A831-F587159953FF}.Release|x86.Build.0 = Release|Any CPU
		{3B828781-F35B-4750-8262-7223B6BCC47B}.Debug|Any CPU.ActiveCfg = Debug|Any CPU
		{3B828781-F35B-4750-8262-7223B6BCC47B}.Debug|Any CPU.Build.0 = Debug|Any CPU
		{3B828781-F35B-4750-8262-7223B6BCC47B}.Debug|x64.ActiveCfg = Debug|Any CPU
		{3B828781-F35B-4750-8262-7223B6BCC47B}.Debug|x64.Build.0 = Debug|Any CPU
		{3B828781-F35B-4750-8262-7223B6BCC47B}.Debug|x86.ActiveCfg = Debug|Any CPU
		{3B828781-F35B-4750-8262-7223B6BCC47B}.Debug|x86.Build.0 = Debug|Any CPU
		{3B828781-F35B-4750-8262-7223B6BCC47B}.Release|Any CPU.ActiveCfg = Release|Any CPU
		{3B828781-F35B-4750-8262-7223B6BCC47B}.Release|Any CPU.Build.0 = Release|Any CPU
		{3B828781-F35B-4750-8262-7223B6BCC47B}.Release|x64.ActiveCfg = Release|Any CPU
		{3B828781-F35B-4750-8262-7223B6BCC47B}.Release|x64.Build.0 = Release|Any CPU
		{3B828781-F35B-4750-8262-7223B6BCC47B}.Release|x86.ActiveCfg = Release|Any CPU
		{3B828781-F35B-4750-8262-7223B6BCC47B}.Release|x86.Build.0 = Release|Any CPU
		{93DBF4F3-70F7-4064-B64C-246AF0FE2B5E}.Debug|Any CPU.ActiveCfg = Debug|Any CPU
		{93DBF4F3-70F7-4064-B64C-246AF0FE2B5E}.Debug|Any CPU.Build.0 = Debug|Any CPU
		{93DBF4F3-70F7-4064-B64C-246AF0FE2B5E}.Debug|x64.ActiveCfg = Debug|Any CPU
		{93DBF4F3-70F7-4064-B64C-246AF0FE2B5E}.Debug|x64.Build.0 = Debug|Any CPU
		{93DBF4F3-70F7-4064-B64C-246AF0FE2B5E}.Debug|x86.ActiveCfg = Debug|Any CPU
		{93DBF4F3-70F7-4064-B64C-246AF0FE2B5E}.Debug|x86.Build.0 = Debug|Any CPU
		{93DBF4F3-70F7-4064-B64C-246AF0FE2B5E}.Release|Any CPU.ActiveCfg = Release|Any CPU
		{93DBF4F3-70F7-4064-B64C-246AF0FE2B5E}.Release|Any CPU.Build.0 = Release|Any CPU
		{93DBF4F3-70F7-4064-B64C-246AF0FE2B5E}.Release|x64.ActiveCfg = Release|Any CPU
		{93DBF4F3-70F7-4064-B64C-246AF0FE2B5E}.Release|x64.Build.0 = Release|Any CPU
		{93DBF4F3-70F7-4064-B64C-246AF0FE2B5E}.Release|x86.ActiveCfg = Release|Any CPU
		{93DBF4F3-70F7-4064-B64C-246AF0FE2B5E}.Release|x86.Build.0 = Release|Any CPU
		{B2DD5E50-16FD-42C0-8872-3CFD9203AEFE}.Debug|Any CPU.ActiveCfg = Debug|Any CPU
		{B2DD5E50-16FD-42C0-8872-3CFD9203AEFE}.Debug|Any CPU.Build.0 = Debug|Any CPU
		{B2DD5E50-16FD-42C0-8872-3CFD9203AEFE}.Debug|x64.ActiveCfg = Debug|Any CPU
		{B2DD5E50-16FD-42C0-8872-3CFD9203AEFE}.Debug|x64.Build.0 = Debug|Any CPU
		{B2DD5E50-16FD-42C0-8872-3CFD9203AEFE}.Debug|x86.ActiveCfg = Debug|Any CPU
		{B2DD5E50-16FD-42C0-8872-3CFD9203AEFE}.Debug|x86.Build.0 = Debug|Any CPU
		{B2DD5E50-16FD-42C0-8872-3CFD9203AEFE}.Release|Any CPU.ActiveCfg = Release|Any CPU
		{B2DD5E50-16FD-42C0-8872-3CFD9203AEFE}.Release|Any CPU.Build.0 = Release|Any CPU
		{B2DD5E50-16FD-42C0-8872-3CFD9203AEFE}.Release|x64.ActiveCfg = Release|Any CPU
		{B2DD5E50-16FD-42C0-8872-3CFD9203AEFE}.Release|x64.Build.0 = Release|Any CPU
		{B2DD5E50-16FD-42C0-8872-3CFD9203AEFE}.Release|x86.ActiveCfg = Release|Any CPU
		{B2DD5E50-16FD-42C0-8872-3CFD9203AEFE}.Release|x86.Build.0 = Release|Any CPU
		{519580B7-7EB9-4EB3-835D-B265EAA09BB3}.Debug|Any CPU.ActiveCfg = Debug|Any CPU
		{519580B7-7EB9-4EB3-835D-B265EAA09BB3}.Debug|Any CPU.Build.0 = Debug|Any CPU
		{519580B7-7EB9-4EB3-835D-B265EAA09BB3}.Debug|x64.ActiveCfg = Debug|Any CPU
		{519580B7-7EB9-4EB3-835D-B265EAA09BB3}.Debug|x64.Build.0 = Debug|Any CPU
		{519580B7-7EB9-4EB3-835D-B265EAA09BB3}.Debug|x86.ActiveCfg = Debug|Any CPU
		{519580B7-7EB9-4EB3-835D-B265EAA09BB3}.Debug|x86.Build.0 = Debug|Any CPU
		{519580B7-7EB9-4EB3-835D-B265EAA09BB3}.Release|Any CPU.ActiveCfg = Release|Any CPU
		{519580B7-7EB9-4EB3-835D-B265EAA09BB3}.Release|Any CPU.Build.0 = Release|Any CPU
		{519580B7-7EB9-4EB3-835D-B265EAA09BB3}.Release|x64.ActiveCfg = Release|Any CPU
		{519580B7-7EB9-4EB3-835D-B265EAA09BB3}.Release|x64.Build.0 = Release|Any CPU
		{519580B7-7EB9-4EB3-835D-B265EAA09BB3}.Release|x86.ActiveCfg = Release|Any CPU
		{519580B7-7EB9-4EB3-835D-B265EAA09BB3}.Release|x86.Build.0 = Release|Any CPU
		{55335F7D-4992-469C-9DD7-43FD04CD2A52}.Debug|Any CPU.ActiveCfg = Debug|Any CPU
		{55335F7D-4992-469C-9DD7-43FD04CD2A52}.Debug|Any CPU.Build.0 = Debug|Any CPU
		{55335F7D-4992-469C-9DD7-43FD04CD2A52}.Debug|x64.ActiveCfg = Debug|Any CPU
		{55335F7D-4992-469C-9DD7-43FD04CD2A52}.Debug|x64.Build.0 = Debug|Any CPU
		{55335F7D-4992-469C-9DD7-43FD04CD2A52}.Debug|x86.ActiveCfg = Debug|Any CPU
		{55335F7D-4992-469C-9DD7-43FD04CD2A52}.Debug|x86.Build.0 = Debug|Any CPU
		{55335F7D-4992-469C-9DD7-43FD04CD2A52}.Release|Any CPU.ActiveCfg = Release|Any CPU
		{55335F7D-4992-469C-9DD7-43FD04CD2A52}.Release|Any CPU.Build.0 = Release|Any CPU
		{55335F7D-4992-469C-9DD7-43FD04CD2A52}.Release|x64.ActiveCfg = Release|Any CPU
		{55335F7D-4992-469C-9DD7-43FD04CD2A52}.Release|x64.Build.0 = Release|Any CPU
		{55335F7D-4992-469C-9DD7-43FD04CD2A52}.Release|x86.ActiveCfg = Release|Any CPU
		{55335F7D-4992-469C-9DD7-43FD04CD2A52}.Release|x86.Build.0 = Release|Any CPU
		{FD2DB50F-F113-4644-9F3C-B2B07B4ECAF3}.Debug|Any CPU.ActiveCfg = Debug|Any CPU
		{FD2DB50F-F113-4644-9F3C-B2B07B4ECAF3}.Debug|Any CPU.Build.0 = Debug|Any CPU
		{FD2DB50F-F113-4644-9F3C-B2B07B4ECAF3}.Debug|x64.ActiveCfg = Debug|Any CPU
		{FD2DB50F-F113-4644-9F3C-B2B07B4ECAF3}.Debug|x64.Build.0 = Debug|Any CPU
		{FD2DB50F-F113-4644-9F3C-B2B07B4ECAF3}.Debug|x86.ActiveCfg = Debug|Any CPU
		{FD2DB50F-F113-4644-9F3C-B2B07B4ECAF3}.Debug|x86.Build.0 = Debug|Any CPU
		{FD2DB50F-F113-4644-9F3C-B2B07B4ECAF3}.Release|Any CPU.ActiveCfg = Release|Any CPU
		{FD2DB50F-F113-4644-9F3C-B2B07B4ECAF3}.Release|Any CPU.Build.0 = Release|Any CPU
		{FD2DB50F-F113-4644-9F3C-B2B07B4ECAF3}.Release|x64.ActiveCfg = Release|Any CPU
		{FD2DB50F-F113-4644-9F3C-B2B07B4ECAF3}.Release|x64.Build.0 = Release|Any CPU
		{FD2DB50F-F113-4644-9F3C-B2B07B4ECAF3}.Release|x86.ActiveCfg = Release|Any CPU
		{FD2DB50F-F113-4644-9F3C-B2B07B4ECAF3}.Release|x86.Build.0 = Release|Any CPU
		{000F471B-0DDB-4582-9ADF-91EFCCEA71A8}.Debug|Any CPU.ActiveCfg = Debug|Any CPU
		{000F471B-0DDB-4582-9ADF-91EFCCEA71A8}.Debug|Any CPU.Build.0 = Debug|Any CPU
		{000F471B-0DDB-4582-9ADF-91EFCCEA71A8}.Debug|x64.ActiveCfg = Debug|Any CPU
		{000F471B-0DDB-4582-9ADF-91EFCCEA71A8}.Debug|x64.Build.0 = Debug|Any CPU
		{000F471B-0DDB-4582-9ADF-91EFCCEA71A8}.Debug|x86.ActiveCfg = Debug|Any CPU
		{000F471B-0DDB-4582-9ADF-91EFCCEA71A8}.Debug|x86.Build.0 = Debug|Any CPU
		{000F471B-0DDB-4582-9ADF-91EFCCEA71A8}.Release|Any CPU.ActiveCfg = Release|Any CPU
		{000F471B-0DDB-4582-9ADF-91EFCCEA71A8}.Release|Any CPU.Build.0 = Release|Any CPU
		{000F471B-0DDB-4582-9ADF-91EFCCEA71A8}.Release|x64.ActiveCfg = Release|Any CPU
		{000F471B-0DDB-4582-9ADF-91EFCCEA71A8}.Release|x64.Build.0 = Release|Any CPU
		{000F471B-0DDB-4582-9ADF-91EFCCEA71A8}.Release|x86.ActiveCfg = Release|Any CPU
		{000F471B-0DDB-4582-9ADF-91EFCCEA71A8}.Release|x86.Build.0 = Release|Any CPU
	EndGlobalSection
	GlobalSection(SolutionProperties) = preSolution
		HideSolutionNode = FALSE
	EndGlobalSection
	GlobalSection(NestedProjects) = preSolution
		{0E634C29-226A-4542-B151-463EEF3B8F9F} = {1B99971B-269C-4851-95A0-35342592AD07}
		{7FB8673E-0A88-46B2-A7A9-4FEDD0364463} = {1B99971B-269C-4851-95A0-35342592AD07}
		{DA69B61B-5864-4D60-9F85-3DC504A1039A} = {1B99971B-269C-4851-95A0-35342592AD07}
		{E83B8E1F-F877-4A3B-A7DB-FE58DC8430C4} = {1B99971B-269C-4851-95A0-35342592AD07}
		{9591D79E-5303-485F-9BDC-C779753AE323} = {1B99971B-269C-4851-95A0-35342592AD07}
		{01417D31-66FD-4577-A831-F587159953FF} = {1B99971B-269C-4851-95A0-35342592AD07}
		{3B828781-F35B-4750-8262-7223B6BCC47B} = {1B99971B-269C-4851-95A0-35342592AD07}
		{93DBF4F3-70F7-4064-B64C-246AF0FE2B5E} = {1B99971B-269C-4851-95A0-35342592AD07}
		{B2DD5E50-16FD-42C0-8872-3CFD9203AEFE} = {1B99971B-269C-4851-95A0-35342592AD07}
		{519580B7-7EB9-4EB3-835D-B265EAA09BB3} = {1B99971B-269C-4851-95A0-35342592AD07}
		{55335F7D-4992-469C-9DD7-43FD04CD2A52} = {1B99971B-269C-4851-95A0-35342592AD07}
		{FD2DB50F-F113-4644-9F3C-B2B07B4ECAF3} = {1B99971B-269C-4851-95A0-35342592AD07}
		{000F471B-0DDB-4582-9ADF-91EFCCEA71A8} = {1B99971B-269C-4851-95A0-35342592AD07}
	EndGlobalSection
	GlobalSection(ExtensibilityGlobals) = postSolution
		SolutionGuid = {9B8AF2DF-52C4-4C82-ACD6-D2F8FF9020FA}
	EndGlobalSection
EndGlobal
