
Microsoft Visual Studio Solution File, Format Version 12.00
# Visual Studio 15
VisualStudioVersion = 15.0.26124.0
MinimumVisualStudioVersion = 15.0.26124.0
Project("{FAE04EC0-301F-11D3-BF4B-00C04F79EFBC}") = "R5T.Tromso.ServiceProvider.Construction", "R5T.Tromso.ServiceProvider.Construction\R5T.Tromso.ServiceProvider.Construction.csproj", "{92FBB717-80ED-4ACE-A9BD-4FB550F4CD5C}"
EndProject
Project("{FAE04EC0-301F-11D3-BF4B-00C04F79EFBC}") = "R5T.Tromso.ServiceProvider", "R5T.Tromso.ServiceProvider\R5T.Tromso.ServiceProvider.csproj", "{8BEAA8F0-CC8A-42A3-B8F3-373E91278B17}"
EndProject
Project("{FAE04EC0-301F-11D3-BF4B-00C04F79EFBC}") = "R5T.Tromso.ServiceProvider.Testing", "R5T.Tromso.ServiceProvider.Testing\R5T.Tromso.ServiceProvider.Testing.csproj", "{4BA6BB0C-53D6-467E-AB9E-46973BF8427D}"
EndProject
Global
	GlobalSection(SolutionConfigurationPlatforms) = preSolution
		Debug|Any CPU = Debug|Any CPU
		Debug|x64 = Debug|x64
		Debug|x86 = Debug|x86
		Release|Any CPU = Release|Any CPU
		Release|x64 = Release|x64
		Release|x86 = Release|x86
	EndGlobalSection
	GlobalSection(SolutionProperties) = preSolution
		HideSolutionNode = FALSE
	EndGlobalSection
	GlobalSection(ProjectConfigurationPlatforms) = postSolution
		{92FBB717-80ED-4ACE-A9BD-4FB550F4CD5C}.Debug|Any CPU.ActiveCfg = Debug|Any CPU
		{92FBB717-80ED-4ACE-A9BD-4FB550F4CD5C}.Debug|Any CPU.Build.0 = Debug|Any CPU
		{92FBB717-80ED-4ACE-A9BD-4FB550F4CD5C}.Debug|x64.ActiveCfg = Debug|Any CPU
		{92FBB717-80ED-4ACE-A9BD-4FB550F4CD5C}.Debug|x64.Build.0 = Debug|Any CPU
		{92FBB717-80ED-4ACE-A9BD-4FB550F4CD5C}.Debug|x86.ActiveCfg = Debug|Any CPU
		{92FBB717-80ED-4ACE-A9BD-4FB550F4CD5C}.Debug|x86.Build.0 = Debug|Any CPU
		{92FBB717-80ED-4ACE-A9BD-4FB550F4CD5C}.Release|Any CPU.ActiveCfg = Release|Any CPU
		{92FBB717-80ED-4ACE-A9BD-4FB550F4CD5C}.Release|Any CPU.Build.0 = Release|Any CPU
		{92FBB717-80ED-4ACE-A9BD-4FB550F4CD5C}.Release|x64.ActiveCfg = Release|Any CPU
		{92FBB717-80ED-4ACE-A9BD-4FB550F4CD5C}.Release|x64.Build.0 = Release|Any CPU
		{92FBB717-80ED-4ACE-A9BD-4FB550F4CD5C}.Release|x86.ActiveCfg = Release|Any CPU
		{92FBB717-80ED-4ACE-A9BD-4FB550F4CD5C}.Release|x86.Build.0 = Release|Any CPU
		{8BEAA8F0-CC8A-42A3-B8F3-373E91278B17}.Debug|Any CPU.ActiveCfg = Debug|Any CPU
		{8BEAA8F0-CC8A-42A3-B8F3-373E91278B17}.Debug|Any CPU.Build.0 = Debug|Any CPU
		{8BEAA8F0-CC8A-42A3-B8F3-373E91278B17}.Debug|x64.ActiveCfg = Debug|Any CPU
		{8BEAA8F0-CC8A-42A3-B8F3-373E91278B17}.Debug|x64.Build.0 = Debug|Any CPU
		{8BEAA8F0-CC8A-42A3-B8F3-373E91278B17}.Debug|x86.ActiveCfg = Debug|Any CPU
		{8BEAA8F0-CC8A-42A3-B8F3-373E91278B17}.Debug|x86.Build.0 = Debug|Any CPU
		{8BEAA8F0-CC8A-42A3-B8F3-373E91278B17}.Release|Any CPU.ActiveCfg = Release|Any CPU
		{8BEAA8F0-CC8A-42A3-B8F3-373E91278B17}.Release|Any CPU.Build.0 = Release|Any CPU
		{8BEAA8F0-CC8A-42A3-B8F3-373E91278B17}.Release|x64.ActiveCfg = Release|Any CPU
		{8BEAA8F0-CC8A-42A3-B8F3-373E91278B17}.Release|x64.Build.0 = Release|Any CPU
		{8BEAA8F0-CC8A-42A3-B8F3-373E91278B17}.Release|x86.ActiveCfg = Release|Any CPU
		{8BEAA8F0-CC8A-42A3-B8F3-373E91278B17}.Release|x86.Build.0 = Release|Any CPU
		{4BA6BB0C-53D6-467E-AB9E-46973BF8427D}.Debug|Any CPU.ActiveCfg = Debug|Any CPU
		{4BA6BB0C-53D6-467E-AB9E-46973BF8427D}.Debug|Any CPU.Build.0 = Debug|Any CPU
		{4BA6BB0C-53D6-467E-AB9E-46973BF8427D}.Debug|x64.ActiveCfg = Debug|Any CPU
		{4BA6BB0C-53D6-467E-AB9E-46973BF8427D}.Debug|x64.Build.0 = Debug|Any CPU
		{4BA6BB0C-53D6-467E-AB9E-46973BF8427D}.Debug|x86.ActiveCfg = Debug|Any CPU
		{4BA6BB0C-53D6-467E-AB9E-46973BF8427D}.Debug|x86.Build.0 = Debug|Any CPU
		{4BA6BB0C-53D6-467E-AB9E-46973BF8427D}.Release|Any CPU.ActiveCfg = Release|Any CPU
		{4BA6BB0C-53D6-467E-AB9E-46973BF8427D}.Release|Any CPU.Build.0 = Release|Any CPU
		{4BA6BB0C-53D6-467E-AB9E-46973BF8427D}.Release|x64.ActiveCfg = Release|Any CPU
		{4BA6BB0C-53D6-467E-AB9E-46973BF8427D}.Release|x64.Build.0 = Release|Any CPU
		{4BA6BB0C-53D6-467E-AB9E-46973BF8427D}.Release|x86.ActiveCfg = Release|Any CPU
		{4BA6BB0C-53D6-467E-AB9E-46973BF8427D}.Release|x86.Build.0 = Release|Any CPU
	EndGlobalSection
EndGlobal
